# This file is automatically @generated by Cargo.
# It is not intended for manual editing.
version = 3

[[package]]
name = "earlycon"
version = "0.1.0"
dependencies = [
 "limine",
]

[[package]]
name = "limine"
version = "0.1.6"
source = "registry+https://github.com/rust-lang/crates.io-index"
checksum = "9120d12266848e9f83a2d4f97b25e7280ce112335f2a02532b7697dd660c9cb5"
